
Microsoft Visual Studio Solution File, Format Version 12.00
# Visual Studio Version 17
VisualStudioVersion = 17.7.34031.279
MinimumVisualStudioVersion = 10.0.40219.1
Project("{FAE04EC0-301F-11D3-BF4B-00C04F79EFBC}") = "ClientServerApp", "ClientServerApp\ClientServerApp.csproj", "{3F856BF4-5266-4F0C-990B-3FA0B78A61C4}"
EndProject
Global
	GlobalSection(SolutionConfigurationPlatforms) = preSolution
		Debug|Any CPU = Debug|Any CPU
		Release|Any CPU = Release|Any CPU
	EndGlobalSection
	GlobalSection(ProjectConfigurationPlatforms) = postSolution
		{3F856BF4-5266-4F0C-990B-3FA0B78A61C4}.Debug|Any CPU.ActiveCfg = Debug|Any CPU
		{3F856BF4-5266-4F0C-990B-3FA0B78A61C4}.Debug|Any CPU.Build.0 = Debug|Any CPU
		{3F856BF4-5266-4F0C-990B-3FA0B78A61C4}.Release|Any CPU.ActiveCfg = Release|Any CPU
		{3F856BF4-5266-4F0C-990B-3FA0B78A61C4}.Release|Any CPU.Build.0 = Release|Any CPU
	EndGlobalSection
	GlobalSection(SolutionProperties) = preSolution
		HideSolutionNode = FALSE
	EndGlobalSection
	GlobalSection(ExtensibilityGlobals) = postSolution
		SolutionGuid = {38CC71CC-85AB-462E-BC67-9671F1C75956}
	EndGlobalSection
EndGlobal
